# generated by rye
# use `rye lock` or `rye sync` to update this lockfile
#
# last locked with the following flags:
#   pre: false
#   features: []
#   all-features: false
#   with-sources: false
#   generate-hashes: false
#   universal: false

-e file:.
boto3==1.36.26
    # via sea-gtfs-proj
botocore==1.36.26
    # via boto3
    # via s3transfer
certifi==2024.12.14
    # via requests
charset-normalizer==3.4.1
    # via requests
datetime==5.5
    # via sea-gtfs-proj
gtfs-realtime-bindings==1.0.0
    # via sea-gtfs-proj
idna==3.10
    # via requests
jmespath==1.0.1
    # via boto3
    # via botocore
numpy==2.2.3
    # via pandas
    # via sea-gtfs-proj
pandas==2.2.3
    # via sea-gtfs-proj
protobuf==5.29.3
    # via gtfs-realtime-bindings
psycopg==3.2.4
    # via sea-gtfs-proj
psycopg2==2.9.10
    # via sea-gtfs-proj
psycopg2-binary==2.9.10
    # via sea-gtfs-proj
python-dateutil==2.9.0.post0
    # via botocore
    # via pandas
pytz==2024.2
    # via datetime
    # via pandas
    # via sea-gtfs-proj
requests==2.32.3
    # via sea-gtfs-proj
s3transfer==0.11.2
    # via boto3
setuptools==75.8.0
    # via gtfs-realtime-bindings
    # via zope-interface
six==1.17.0
    # via python-dateutil
typing-extensions==4.12.2
    # via psycopg
tzdata==2025.1
    # via pandas
urllib3==2.3.0
    # via botocore
    # via requests
zope-interface==7.2
    # via datetime
